
Microsoft Visual Studio Solution File, Format Version 12.00
# Visual Studio Version 16
VisualStudioVersion = 16.0.808.6
MinimumVisualStudioVersion = 10.0.40219.1
Project("{FAE04EC0-301F-11D3-BF4B-00C04F79EFBC}") = "HelloWorld", "HelloWorld\HelloWorld.csproj", "{A541B05A-147E-4825-9469-94A0D8B99D5C}"
EndProject
Global
	GlobalSection(SolutionConfigurationPlatforms) = preSolution
		Debug|Any CPU = Debug|Any CPU
		Release|Any CPU = Release|Any CPU
	EndGlobalSection
	GlobalSection(ProjectConfigurationPlatforms) = postSolution
		{A541B05A-147E-4825-9469-94A0D8B99D5C}.Debug|Any CPU.ActiveCfg = Debug|Any CPU
		{A541B05A-147E-4825-9469-94A0D8B99D5C}.Debug|Any CPU.Build.0 = Debug|Any CPU
		{A541B05A-147E-4825-9469-94A0D8B99D5C}.Release|Any CPU.ActiveCfg = Release|Any CPU
		{A541B05A-147E-4825-9469-94A0D8B99D5C}.Release|Any CPU.Build.0 = Release|Any CPU
	EndGlobalSection
	GlobalSection(SolutionProperties) = preSolution
		HideSolutionNode = FALSE
	EndGlobalSection
	GlobalSection(ExtensibilityGlobals) = postSolution
		SolutionGuid = {C333BA21-480B-4B73-8AA7-A6E94F181EF3}
	EndGlobalSection
EndGlobal
